
Microsoft Visual Studio Solution File, Format Version 12.00
# Visual Studio 14
VisualStudioVersion = 14.0.25420.1
MinimumVisualStudioVersion = 10.0.40219.1
Project("{FAE04EC0-301F-11D3-BF4B-00C04F79EFBC}") = "AdobeSignClient.V1", "v1\src\main\CsharpDotNet2\IO\Swagger\AdobeSignClient.V1.csproj", "{524CB559-3931-4503-AC6B-BA00CA652A01}"
EndProject
Project("{FAE04EC0-301F-11D3-BF4B-00C04F79EFBC}") = "AdobeSignClient.V2", "v2\src\main\CsharpDotNet2\IO\Swagger\AdobeSignClient.V2.csproj", "{F2BED31C-E27C-4E67-9EE7-1B4DA635BAAD}"
EndProject
Project("{FAE04EC0-301F-11D3-BF4B-00C04F79EFBC}") = "AdobeSignClient.V3", "v3\src\main\CsharpDotNet2\IO\Swagger\AdobeSignClient.V3.csproj", "{F63C5E69-711C-4C02-9DFA-8AB7595894A3}"
EndProject
Project("{FAE04EC0-301F-11D3-BF4B-00C04F79EFBC}") = "AdobeSignClient.V4", "v4\src\main\CsharpDotNet2\IO\Swagger\AdobeSignClient.V4.csproj", "{5158EE54-1A8A-4B13-B636-6D7D9DB145C8}"
EndProject
Project("{FAE04EC0-301F-11D3-BF4B-00C04F79EFBC}") = "AdobeSignClient.V5", "v5\src\main\CsharpDotNet2\IO\Swagger\AdobeSignClient.V5.csproj", "{27B81D0E-5F14-4CDE-B7C8-386A3019F7F1}"
EndProject
Project("{FAE04EC0-301F-11D3-BF4B-00C04F79EFBC}") = "AdobeSignClient.V6", "v6\src\main\CsharpDotNet2\IO\Swagger\AdobeSignClient.V6.csproj", "{84E0A464-6068-4B39-9BBD-533562855F61}"
EndProject
Global
	GlobalSection(SolutionConfigurationPlatforms) = preSolution
		Debug|Any CPU = Debug|Any CPU
		Release|Any CPU = Release|Any CPU
	EndGlobalSection
	GlobalSection(ProjectConfigurationPlatforms) = postSolution
		{524CB559-3931-4503-AC6B-BA00CA652A01}.Debug|Any CPU.ActiveCfg = Debug|Any CPU
		{524CB559-3931-4503-AC6B-BA00CA652A01}.Debug|Any CPU.Build.0 = Debug|Any CPU
		{524CB559-3931-4503-AC6B-BA00CA652A01}.Release|Any CPU.ActiveCfg = Release|Any CPU
		{524CB559-3931-4503-AC6B-BA00CA652A01}.Release|Any CPU.Build.0 = Release|Any CPU
		{F2BED31C-E27C-4E67-9EE7-1B4DA635BAAD}.Debug|Any CPU.ActiveCfg = Debug|Any CPU
		{F2BED31C-E27C-4E67-9EE7-1B4DA635BAAD}.Debug|Any CPU.Build.0 = Debug|Any CPU
		{F2BED31C-E27C-4E67-9EE7-1B4DA635BAAD}.Release|Any CPU.ActiveCfg = Release|Any CPU
		{F2BED31C-E27C-4E67-9EE7-1B4DA635BAAD}.Release|Any CPU.Build.0 = Release|Any CPU
		{F63C5E69-711C-4C02-9DFA-8AB7595894A3}.Debug|Any CPU.ActiveCfg = Debug|Any CPU
		{F63C5E69-711C-4C02-9DFA-8AB7595894A3}.Debug|Any CPU.Build.0 = Debug|Any CPU
		{F63C5E69-711C-4C02-9DFA-8AB7595894A3}.Release|Any CPU.ActiveCfg = Release|Any CPU
		{F63C5E69-711C-4C02-9DFA-8AB7595894A3}.Release|Any CPU.Build.0 = Release|Any CPU
		{5158EE54-1A8A-4B13-B636-6D7D9DB145C8}.Debug|Any CPU.ActiveCfg = Debug|Any CPU
		{5158EE54-1A8A-4B13-B636-6D7D9DB145C8}.Debug|Any CPU.Build.0 = Debug|Any CPU
		{5158EE54-1A8A-4B13-B636-6D7D9DB145C8}.Release|Any CPU.ActiveCfg = Release|Any CPU
		{5158EE54-1A8A-4B13-B636-6D7D9DB145C8}.Release|Any CPU.Build.0 = Release|Any CPU
		{27B81D0E-5F14-4CDE-B7C8-386A3019F7F1}.Debug|Any CPU.ActiveCfg = Debug|Any CPU
		{27B81D0E-5F14-4CDE-B7C8-386A3019F7F1}.Debug|Any CPU.Build.0 = Debug|Any CPU
		{27B81D0E-5F14-4CDE-B7C8-386A3019F7F1}.Release|Any CPU.ActiveCfg = Release|Any CPU
		{27B81D0E-5F14-4CDE-B7C8-386A3019F7F1}.Release|Any CPU.Build.0 = Release|Any CPU
		{84E0A464-6068-4B39-9BBD-533562855F61}.Debug|Any CPU.ActiveCfg = Debug|Any CPU
		{84E0A464-6068-4B39-9BBD-533562855F61}.Debug|Any CPU.Build.0 = Debug|Any CPU
		{84E0A464-6068-4B39-9BBD-533562855F61}.Release|Any CPU.ActiveCfg = Release|Any CPU
		{84E0A464-6068-4B39-9BBD-533562855F61}.Release|Any CPU.Build.0 = Release|Any CPU
	EndGlobalSection
	GlobalSection(SolutionProperties) = preSolution
		HideSolutionNode = FALSE
	EndGlobalSection
EndGlobal
